
Microsoft Visual Studio Solution File, Format Version 12.00
# Visual Studio Version 17
VisualStudioVersion = 17.7.34202.233
MinimumVisualStudioVersion = 10.0.40219.1
Project("{FAE04EC0-301F-11D3-BF4B-00C04F79EFBC}") = "Backend", "Backend.csproj", "{9155F39A-9739-44CC-B797-40ADF1CC2A9A}"
EndProject
Project("{FAE04EC0-301F-11D3-BF4B-00C04F79EFBC}") = "WebApi", "..\WebApi\WebApi.csproj", "{AEF79242-35B6-4A67-A273-98199B43623C}"
EndProject
Global
	GlobalSection(SolutionConfigurationPlatforms) = preSolution
		Debug|Any CPU = Debug|Any CPU
		Release|Any CPU = Release|Any CPU
	EndGlobalSection
	GlobalSection(ProjectConfigurationPlatforms) = postSolution
		{9155F39A-9739-44CC-B797-40ADF1CC2A9A}.Debug|Any CPU.ActiveCfg = Debug|Any CPU
		{9155F39A-9739-44CC-B797-40ADF1CC2A9A}.Debug|Any CPU.Build.0 = Debug|Any CPU
		{9155F39A-9739-44CC-B797-40ADF1CC2A9A}.Release|Any CPU.ActiveCfg = Release|Any CPU
		{9155F39A-9739-44CC-B797-40ADF1CC2A9A}.Release|Any CPU.Build.0 = Release|Any CPU
		{AEF79242-35B6-4A67-A273-98199B43623C}.Debug|Any CPU.ActiveCfg = Debug|Any CPU
		{AEF79242-35B6-4A67-A273-98199B43623C}.Debug|Any CPU.Build.0 = Debug|Any CPU
		{AEF79242-35B6-4A67-A273-98199B43623C}.Release|Any CPU.ActiveCfg = Release|Any CPU
		{AEF79242-35B6-4A67-A273-98199B43623C}.Release|Any CPU.Build.0 = Release|Any CPU
	EndGlobalSection
	GlobalSection(SolutionProperties) = preSolution
		HideSolutionNode = FALSE
	EndGlobalSection
	GlobalSection(ExtensibilityGlobals) = postSolution
		SolutionGuid = {446051C9-C869-402E-B542-F93745EC83D8}
	EndGlobalSection
EndGlobal
